
Microsoft Visual Studio Solution File, Format Version 12.00
# Visual Studio Version 16
VisualStudioVersion = 16.0.31424.327
MinimumVisualStudioVersion = 10.0.40219.1
Project("{FAE04EC0-301F-11D3-BF4B-00C04F79EFBC}") = "PraticaProjeto01", "PraticaProjeto01\PraticaProjeto01.csproj", "{B82B6BDC-B5BC-4A19-A2B7-4D470004EF8B}"
EndProject
Global
	GlobalSection(SolutionConfigurationPlatforms) = preSolution
		Debug|Any CPU = Debug|Any CPU
		Release|Any CPU = Release|Any CPU
	EndGlobalSection
	GlobalSection(ProjectConfigurationPlatforms) = postSolution
		{B82B6BDC-B5BC-4A19-A2B7-4D470004EF8B}.Debug|Any CPU.ActiveCfg = Debug|Any CPU
		{B82B6BDC-B5BC-4A19-A2B7-4D470004EF8B}.Debug|Any CPU.Build.0 = Debug|Any CPU
		{B82B6BDC-B5BC-4A19-A2B7-4D470004EF8B}.Release|Any CPU.ActiveCfg = Release|Any CPU
		{B82B6BDC-B5BC-4A19-A2B7-4D470004EF8B}.Release|Any CPU.Build.0 = Release|Any CPU
	EndGlobalSection
	GlobalSection(SolutionProperties) = preSolution
		HideSolutionNode = FALSE
	EndGlobalSection
	GlobalSection(ExtensibilityGlobals) = postSolution
		SolutionGuid = {8B740B04-0834-45BD-8076-2549462531C6}
	EndGlobalSection
EndGlobal
